
Microsoft Visual Studio Solution File, Format Version 12.00
# Visual Studio 15
VisualStudioVersion = 15.0.28307.329
MinimumVisualStudioVersion = 10.0.40219.1
Project("{FAE04EC0-301F-11D3-BF4B-00C04F79EFBC}") = "RepeatedContent", "RepeatedContent\RepeatedContent.csproj", "{E507352C-F5BA-4799-9F27-CD2934D93FFD}"
EndProject
Global
	GlobalSection(SolutionConfigurationPlatforms) = preSolution
		Debug|Any CPU = Debug|Any CPU
		Release|Any CPU = Release|Any CPU
	EndGlobalSection
	GlobalSection(ProjectConfigurationPlatforms) = postSolution
		{E507352C-F5BA-4799-9F27-CD2934D93FFD}.Debug|Any CPU.ActiveCfg = Debug|Any CPU
		{E507352C-F5BA-4799-9F27-CD2934D93FFD}.Debug|Any CPU.Build.0 = Debug|Any CPU
		{E507352C-F5BA-4799-9F27-CD2934D93FFD}.Release|Any CPU.ActiveCfg = Release|Any CPU
		{E507352C-F5BA-4799-9F27-CD2934D93FFD}.Release|Any CPU.Build.0 = Release|Any CPU
	EndGlobalSection
	GlobalSection(SolutionProperties) = preSolution
		HideSolutionNode = FALSE
	EndGlobalSection
	GlobalSection(ExtensibilityGlobals) = postSolution
		SolutionGuid = {19D23B20-6ECA-474C-BD03-8C4111A3D8B0}
	EndGlobalSection
EndGlobal
